
Microsoft Visual Studio Solution File, Format Version 12.00
# Visual Studio Version 16
VisualStudioVersion = 16.0.30907.101
MinimumVisualStudioVersion = 10.0.40219.1
Project("{FAE04EC0-301F-11D3-BF4B-00C04F79EFBC}") = "CSharpNamedPipeLoader", "CSharpNamedPipeLoader\CSharpNamedPipeLoader.csproj", "{58C416B5-2D50-4342-87D1-02AAEB27B3D2}"
EndProject
Global
	GlobalSection(SolutionConfigurationPlatforms) = preSolution
		Debug|Any CPU = Debug|Any CPU
		Debug|x64 = Debug|x64
		Release|Any CPU = Release|Any CPU
		Release|x64 = Release|x64
	EndGlobalSection
	GlobalSection(ProjectConfigurationPlatforms) = postSolution
		{58C416B5-2D50-4342-87D1-02AAEB27B3D2}.Debug|Any CPU.ActiveCfg = Debug|Any CPU
		{58C416B5-2D50-4342-87D1-02AAEB27B3D2}.Debug|Any CPU.Build.0 = Debug|Any CPU
		{58C416B5-2D50-4342-87D1-02AAEB27B3D2}.Debug|x64.ActiveCfg = Debug|x64
		{58C416B5-2D50-4342-87D1-02AAEB27B3D2}.Debug|x64.Build.0 = Debug|x64
		{58C416B5-2D50-4342-87D1-02AAEB27B3D2}.Release|Any CPU.ActiveCfg = Release|Any CPU
		{58C416B5-2D50-4342-87D1-02AAEB27B3D2}.Release|Any CPU.Build.0 = Release|Any CPU
		{58C416B5-2D50-4342-87D1-02AAEB27B3D2}.Release|x64.ActiveCfg = Release|x64
		{58C416B5-2D50-4342-87D1-02AAEB27B3D2}.Release|x64.Build.0 = Release|x64
	EndGlobalSection
	GlobalSection(SolutionProperties) = preSolution
		HideSolutionNode = FALSE
	EndGlobalSection
	GlobalSection(ExtensibilityGlobals) = postSolution
		SolutionGuid = {8D505E2D-6605-4453-A1B3-C2E242C9487B}
	EndGlobalSection
EndGlobal
